
Microsoft Visual Studio Solution File, Format Version 12.00
# Visual Studio Version 17
VisualStudioVersion = 17.5.33530.505
MinimumVisualStudioVersion = 10.0.40219.1
Project("{FAE04EC0-301F-11D3-BF4B-00C04F79EFBC}") = "BuyPlace", "BuyPlace\BuyPlace.csproj", "{09C4E39F-DF63-4ABE-BBC4-149A0734D88A}"
EndProject
Global
	GlobalSection(SolutionConfigurationPlatforms) = preSolution
		Debug|Any CPU = Debug|Any CPU
		Release|Any CPU = Release|Any CPU
	EndGlobalSection
	GlobalSection(ProjectConfigurationPlatforms) = postSolution
		{09C4E39F-DF63-4ABE-BBC4-149A0734D88A}.Debug|Any CPU.ActiveCfg = Debug|Any CPU
		{09C4E39F-DF63-4ABE-BBC4-149A0734D88A}.Debug|Any CPU.Build.0 = Debug|Any CPU
		{09C4E39F-DF63-4ABE-BBC4-149A0734D88A}.Release|Any CPU.ActiveCfg = Release|Any CPU
		{09C4E39F-DF63-4ABE-BBC4-149A0734D88A}.Release|Any CPU.Build.0 = Release|Any CPU
	EndGlobalSection
	GlobalSection(SolutionProperties) = preSolution
		HideSolutionNode = FALSE
	EndGlobalSection
	GlobalSection(ExtensibilityGlobals) = postSolution
		SolutionGuid = {E1982744-4EAA-4A9B-9469-014ADF190B09}
	EndGlobalSection
EndGlobal
