
Microsoft Visual Studio Solution File, Format Version 12.00
# Visual Studio Version 17
VisualStudioVersion = 17.7.34031.279
MinimumVisualStudioVersion = 10.0.40219.1
Project("{9A19103F-16F7-4668-BE54-9A1E7A4F7556}") = "BuyPlace.Server", "BuyPlace\Server\BuyPlace.Server.csproj", "{6A670E27-69F9-47A1-8430-56DAAB22F986}"
EndProject
Project("{9A19103F-16F7-4668-BE54-9A1E7A4F7556}") = "BuyPlace.Client", "BuyPlace\Client\BuyPlace.Client.csproj", "{67107E00-EE66-4851-9858-1820D6273EEB}"
EndProject
Project("{9A19103F-16F7-4668-BE54-9A1E7A4F7556}") = "BuyPlace.Shared", "BuyPlace\Shared\BuyPlace.Shared.csproj", "{275528ED-CE82-4D2D-B337-DF908EAE521F}"
EndProject
Global
	GlobalSection(SolutionConfigurationPlatforms) = preSolution
		Debug|Any CPU = Debug|Any CPU
		Release|Any CPU = Release|Any CPU
	EndGlobalSection
	GlobalSection(ProjectConfigurationPlatforms) = postSolution
		{6A670E27-69F9-47A1-8430-56DAAB22F986}.Debug|Any CPU.ActiveCfg = Debug|Any CPU
		{6A670E27-69F9-47A1-8430-56DAAB22F986}.Debug|Any CPU.Build.0 = Debug|Any CPU
		{6A670E27-69F9-47A1-8430-56DAAB22F986}.Release|Any CPU.ActiveCfg = Release|Any CPU
		{6A670E27-69F9-47A1-8430-56DAAB22F986}.Release|Any CPU.Build.0 = Release|Any CPU
		{67107E00-EE66-4851-9858-1820D6273EEB}.Debug|Any CPU.ActiveCfg = Debug|Any CPU
		{67107E00-EE66-4851-9858-1820D6273EEB}.Debug|Any CPU.Build.0 = Debug|Any CPU
		{67107E00-EE66-4851-9858-1820D6273EEB}.Release|Any CPU.ActiveCfg = Release|Any CPU
		{67107E00-EE66-4851-9858-1820D6273EEB}.Release|Any CPU.Build.0 = Release|Any CPU
		{275528ED-CE82-4D2D-B337-DF908EAE521F}.Debug|Any CPU.ActiveCfg = Debug|Any CPU
		{275528ED-CE82-4D2D-B337-DF908EAE521F}.Debug|Any CPU.Build.0 = Debug|Any CPU
		{275528ED-CE82-4D2D-B337-DF908EAE521F}.Release|Any CPU.ActiveCfg = Release|Any CPU
		{275528ED-CE82-4D2D-B337-DF908EAE521F}.Release|Any CPU.Build.0 = Release|Any CPU
	EndGlobalSection
	GlobalSection(SolutionProperties) = preSolution
		HideSolutionNode = FALSE
	EndGlobalSection
	GlobalSection(ExtensibilityGlobals) = postSolution
		SolutionGuid = {2C99EEDA-A63F-4F7A-A6DB-C38B762DE059}
	EndGlobalSection
EndGlobal
