
Microsoft Visual Studio Solution File, Format Version 12.00
# Visual Studio Version 17
VisualStudioVersion = 17.5.33530.505
MinimumVisualStudioVersion = 10.0.40219.1
Project("{FAE04EC0-301F-11D3-BF4B-00C04F79EFBC}") = "BlazorApp1.Server", "BlazorApp1\Server\BlazorApp1.Server.csproj", "{7CFAC479-C7A0-479F-911F-3F38FA466543}"
EndProject
Project("{FAE04EC0-301F-11D3-BF4B-00C04F79EFBC}") = "BlazorApp1.Client", "BlazorApp1\Client\BlazorApp1.Client.csproj", "{A2BA6703-A424-4EAA-882C-674B5E3B9B1C}"
EndProject
Project("{FAE04EC0-301F-11D3-BF4B-00C04F79EFBC}") = "BlazorApp1.Shared", "BlazorApp1\Shared\BlazorApp1.Shared.csproj", "{4549A6C1-AD61-41B8-B9F0-58D70BFDA5BC}"
EndProject
Global
	GlobalSection(SolutionConfigurationPlatforms) = preSolution
		Debug|Any CPU = Debug|Any CPU
		Release|Any CPU = Release|Any CPU
	EndGlobalSection
	GlobalSection(ProjectConfigurationPlatforms) = postSolution
		{7CFAC479-C7A0-479F-911F-3F38FA466543}.Debug|Any CPU.ActiveCfg = Debug|Any CPU
		{7CFAC479-C7A0-479F-911F-3F38FA466543}.Debug|Any CPU.Build.0 = Debug|Any CPU
		{7CFAC479-C7A0-479F-911F-3F38FA466543}.Release|Any CPU.ActiveCfg = Release|Any CPU
		{7CFAC479-C7A0-479F-911F-3F38FA466543}.Release|Any CPU.Build.0 = Release|Any CPU
		{A2BA6703-A424-4EAA-882C-674B5E3B9B1C}.Debug|Any CPU.ActiveCfg = Debug|Any CPU
		{A2BA6703-A424-4EAA-882C-674B5E3B9B1C}.Debug|Any CPU.Build.0 = Debug|Any CPU
		{A2BA6703-A424-4EAA-882C-674B5E3B9B1C}.Release|Any CPU.ActiveCfg = Release|Any CPU
		{A2BA6703-A424-4EAA-882C-674B5E3B9B1C}.Release|Any CPU.Build.0 = Release|Any CPU
		{4549A6C1-AD61-41B8-B9F0-58D70BFDA5BC}.Debug|Any CPU.ActiveCfg = Debug|Any CPU
		{4549A6C1-AD61-41B8-B9F0-58D70BFDA5BC}.Debug|Any CPU.Build.0 = Debug|Any CPU
		{4549A6C1-AD61-41B8-B9F0-58D70BFDA5BC}.Release|Any CPU.ActiveCfg = Release|Any CPU
		{4549A6C1-AD61-41B8-B9F0-58D70BFDA5BC}.Release|Any CPU.Build.0 = Release|Any CPU
	EndGlobalSection
	GlobalSection(SolutionProperties) = preSolution
		HideSolutionNode = FALSE
	EndGlobalSection
	GlobalSection(ExtensibilityGlobals) = postSolution
		SolutionGuid = {6FC42A63-8668-4326-A487-E02A072D5B93}
	EndGlobalSection
EndGlobal
